# THIS IS AN AUTOGENERATED FILE. DO NOT EDIT THIS FILE DIRECTLY.
# yarn lockfile v1


"@types/node@^12.12.19":
  version "12.12.19"
  resolved "https://registry.yarnpkg.com/@types/node/-/node-12.12.19.tgz#6133aa2a765accdec89ad7792b651a0830f7a34e"
  integrity sha512-OXw80IpKyLeuZ5a8r2XCxVNnRAtS3lRDHBleSUQmbgu3C6eKqRsz7/5XNBU0EvK0RTVfotvYFgvRwwe2jeoiKw==

dom-serializer@^0.2.1:
  version "0.2.2"
  resolved "https://registry.yarnpkg.com/dom-serializer/-/dom-serializer-0.2.2.tgz#1afb81f533717175d478655debc5e332d9f9bb51"
  integrity sha512-2/xPb3ORsQ42nHYiSunXkDjPLBaEj/xTwUO4B7XCZQTRk7EBtTOPaygh10YAAh2OI1Qrp6NWfpAhzswj0ydt9g==
  dependencies:
    domelementtype "^2.0.1"
    entities "^2.0.0"

domelementtype@^2.0.1:
  version "2.0.1"
  resolved "https://registry.yarnpkg.com/domelementtype/-/domelementtype-2.0.1.tgz#1f8bdfe91f5a78063274e803b4bdcedf6e94f94d"
  integrity sha512-5HOHUDsYZWV8FGWN0Njbr/Rn7f/eWSQi1v7+HsUVwXgn8nWWlL64zKDkS0n8ZmQ3mlWOMuXOnR+7Nx/5tMO5AQ==

domhandler@^3.0.0:
  version "3.0.0"
  resolved "https://registry.yarnpkg.com/domhandler/-/domhandler-3.0.0.tgz#51cd13efca31da95bbb0c5bee3a48300e333b3e9"
  integrity sha512-eKLdI5v9m67kbXQbJSNn1zjh0SDzvzWVWtX+qEI3eMjZw8daH9k8rlj1FZY9memPwjiskQFbe7vHVVJIAqoEhw==
  dependencies:
    domelementtype "^2.0.1"

domutils@^2.0.0:
  version "2.0.0"
  resolved "https://registry.yarnpkg.com/domutils/-/domutils-2.0.0.tgz#15b8278e37bfa8468d157478c58c367718133c08"
  integrity sha512-n5SelJ1axbO636c2yUtOGia/IcJtVtlhQbFiVDBZHKV5ReJO1ViX7sFEemtuyoAnBxk5meNSYgA8V4s0271efg==
  dependencies:
    dom-serializer "^0.2.1"
    domelementtype "^2.0.1"
    domhandler "^3.0.0"

entities@^2.0.0:
  version "2.0.0"
  resolved "https://registry.yarnpkg.com/entities/-/entities-2.0.0.tgz#68d6084cab1b079767540d80e56a39b423e4abf4"
  integrity sha512-D9f7V0JSRwIxlRI2mjMqufDrRDnx8p+eEOz7aUM9SuvF8gsBzra0/6tbjl1m8eQHrZlYj6PxqE00hZ1SAIKPLw==

htmlparser2@^4.0.0:
  version "4.0.0"
  resolved "https://registry.yarnpkg.com/htmlparser2/-/htmlparser2-4.0.0.tgz#6034658db65b7713a572a9ebf79f650832dceec8"
  integrity sha512-cChwXn5Vam57fyXajDtPXL1wTYc8JtLbr2TN76FYu05itVVVealxLowe2B3IEznJG4p9HAYn/0tJaRlGuEglFQ==
  dependencies:
    domelementtype "^2.0.1"
    domhandler "^3.0.0"
    domutils "^2.0.0"
    entities "^2.0.0"
